
Microsoft Visual Studio Solution File, Format Version 12.00
# Visual Studio Version 17
VisualStudioVersion = 17.13.35806.99 d17.13
MinimumVisualStudioVersion = 10.0.40219.1
Project("{FAE04EC0-301F-11D3-BF4B-00C04F79EFBC}") = "ADET-Webapp", "ADET-Webapp\ADET-Webapp.csproj", "{5DA026F5-4610-4F42-ADA2-9D845C3D8474}"
EndProject
Global
	GlobalSection(SolutionConfigurationPlatforms) = preSolution
		Debug|Any CPU = Debug|Any CPU
		Release|Any CPU = Release|Any CPU
	EndGlobalSection
	GlobalSection(ProjectConfigurationPlatforms) = postSolution
		{5DA026F5-4610-4F42-ADA2-9D845C3D8474}.Debug|Any CPU.ActiveCfg = Debug|Any CPU
		{5DA026F5-4610-4F42-ADA2-9D845C3D8474}.Debug|Any CPU.Build.0 = Debug|Any CPU
		{5DA026F5-4610-4F42-ADA2-9D845C3D8474}.Release|Any CPU.ActiveCfg = Release|Any CPU
		{5DA026F5-4610-4F42-ADA2-9D845C3D8474}.Release|Any CPU.Build.0 = Release|Any CPU
	EndGlobalSection
	GlobalSection(SolutionProperties) = preSolution
		HideSolutionNode = FALSE
	EndGlobalSection
	GlobalSection(ExtensibilityGlobals) = postSolution
		SolutionGuid = {84EDEC30-7307-4317-A80C-CC8682F87085}
	EndGlobalSection
EndGlobal
